
Microsoft Visual Studio Solution File, Format Version 12.00
# Visual Studio 15
VisualStudioVersion = 15.0.28010.2003
MinimumVisualStudioVersion = 10.0.40219.1
Project("{9A19103F-16F7-4668-BE54-9A1E7A4F7556}") = "Problem 2. Point in Rectangle", "Problem 2. Point in Rectangle\Problem 2. Point in Rectangle.csproj", "{A1534BD8-B56F-4E3A-B979-15527EE06700}"
EndProject
Project("{9A19103F-16F7-4668-BE54-9A1E7A4F7556}") = "Problem 4. Hotel Reservation", "Problem 3. Student System\Problem 4. Hotel Reservation.csproj", "{15ABB9FD-5D56-489B-98FE-4D51D373AC6E}"
EndProject
Project("{9A19103F-16F7-4668-BE54-9A1E7A4F7556}") = "Problem 2. Multiple Implementation", "Problem 2. Multiple Implementation\Problem 2. Multiple Implementation.csproj", "{32197FAC-12B5-4A2F-8F3C-DF15682D8E5E}"
EndProject
Project("{9A19103F-16F7-4668-BE54-9A1E7A4F7556}") = "Problem 4. Telephony", "Problem 4. Telephony\Problem 4. Telephony.csproj", "{8786897F-C799-4B7B-8EC1-F0280CFF34DC}"
EndProject
Project("{9A19103F-16F7-4668-BE54-9A1E7A4F7556}") = "Problem 5. Border Control", "Problem 5. Border Control\Problem 5. Border Control.csproj", "{5A9C55D8-7812-45E1-B5F6-DA9116B08D81}"
EndProject
Project("{9A19103F-16F7-4668-BE54-9A1E7A4F7556}") = "Problem 6. Birthday Celebrations", "Problem 6. Birthday Celebrations\Problem 6. Birthday Celebrations.csproj", "{1CE492E7-0FAC-425C-8C29-3F5A6B745B68}"
EndProject
Project("{9A19103F-16F7-4668-BE54-9A1E7A4F7556}") = "Problem 7. Food Shortage", "Problem 7. Food Shortage\Problem 7. Food Shortage.csproj", "{B49C500F-5E2A-45D4-A0FE-AD6960F02A2F}"
EndProject
Project("{9A19103F-16F7-4668-BE54-9A1E7A4F7556}") = "Problem 8. Military Elite", "Problem 8. Military Elite\Problem 8. Military Elite.csproj", "{5E5F39DC-4A84-48D1-9742-FABC61BC01EA}"
EndProject
Project("{9A19103F-16F7-4668-BE54-9A1E7A4F7556}") = "Problem 9.Collection Hierarchy", "Problem 9.Collection Hierarchy\Problem 9.Collection Hierarchy.csproj", "{8747CB5F-B62E-4B4D-9064-B05F15E655D6}"
EndProject
Project("{FAE04EC0-301F-11D3-BF4B-00C04F79EFBC}") = "problem.10 Explicit Interfaces", "problem.10 Explicit Interfaces\problem.10 Explicit Interfaces.csproj", "{C14B2314-2FEA-4767-8889-F6C2483C1BAE}"
EndProject
Global
	GlobalSection(SolutionConfigurationPlatforms) = preSolution
		Debug|Any CPU = Debug|Any CPU
		Release|Any CPU = Release|Any CPU
	EndGlobalSection
	GlobalSection(ProjectConfigurationPlatforms) = postSolution
		{A1534BD8-B56F-4E3A-B979-15527EE06700}.Debug|Any CPU.ActiveCfg = Debug|Any CPU
		{A1534BD8-B56F-4E3A-B979-15527EE06700}.Debug|Any CPU.Build.0 = Debug|Any CPU
		{A1534BD8-B56F-4E3A-B979-15527EE06700}.Release|Any CPU.ActiveCfg = Release|Any CPU
		{A1534BD8-B56F-4E3A-B979-15527EE06700}.Release|Any CPU.Build.0 = Release|Any CPU
		{15ABB9FD-5D56-489B-98FE-4D51D373AC6E}.Debug|Any CPU.ActiveCfg = Debug|Any CPU
		{15ABB9FD-5D56-489B-98FE-4D51D373AC6E}.Debug|Any CPU.Build.0 = Debug|Any CPU
		{15ABB9FD-5D56-489B-98FE-4D51D373AC6E}.Release|Any CPU.ActiveCfg = Release|Any CPU
		{15ABB9FD-5D56-489B-98FE-4D51D373AC6E}.Release|Any CPU.Build.0 = Release|Any CPU
		{32197FAC-12B5-4A2F-8F3C-DF15682D8E5E}.Debug|Any CPU.ActiveCfg = Debug|Any CPU
		{32197FAC-12B5-4A2F-8F3C-DF15682D8E5E}.Debug|Any CPU.Build.0 = Debug|Any CPU
		{32197FAC-12B5-4A2F-8F3C-DF15682D8E5E}.Release|Any CPU.ActiveCfg = Release|Any CPU
		{32197FAC-12B5-4A2F-8F3C-DF15682D8E5E}.Release|Any CPU.Build.0 = Release|Any CPU
		{8786897F-C799-4B7B-8EC1-F0280CFF34DC}.Debug|Any CPU.ActiveCfg = Debug|Any CPU
		{8786897F-C799-4B7B-8EC1-F0280CFF34DC}.Debug|Any CPU.Build.0 = Debug|Any CPU
		{8786897F-C799-4B7B-8EC1-F0280CFF34DC}.Release|Any CPU.ActiveCfg = Release|Any CPU
		{8786897F-C799-4B7B-8EC1-F0280CFF34DC}.Release|Any CPU.Build.0 = Release|Any CPU
		{5A9C55D8-7812-45E1-B5F6-DA9116B08D81}.Debug|Any CPU.ActiveCfg = Debug|Any CPU
		{5A9C55D8-7812-45E1-B5F6-DA9116B08D81}.Debug|Any CPU.Build.0 = Debug|Any CPU
		{5A9C55D8-7812-45E1-B5F6-DA9116B08D81}.Release|Any CPU.ActiveCfg = Release|Any CPU
		{5A9C55D8-7812-45E1-B5F6-DA9116B08D81}.Release|Any CPU.Build.0 = Release|Any CPU
		{1CE492E7-0FAC-425C-8C29-3F5A6B745B68}.Debug|Any CPU.ActiveCfg = Debug|Any CPU
		{1CE492E7-0FAC-425C-8C29-3F5A6B745B68}.Debug|Any CPU.Build.0 = Debug|Any CPU
		{1CE492E7-0FAC-425C-8C29-3F5A6B745B68}.Release|Any CPU.ActiveCfg = Release|Any CPU
		{1CE492E7-0FAC-425C-8C29-3F5A6B745B68}.Release|Any CPU.Build.0 = Release|Any CPU
		{B49C500F-5E2A-45D4-A0FE-AD6960F02A2F}.Debug|Any CPU.ActiveCfg = Debug|Any CPU
		{B49C500F-5E2A-45D4-A0FE-AD6960F02A2F}.Debug|Any CPU.Build.0 = Debug|Any CPU
		{B49C500F-5E2A-45D4-A0FE-AD6960F02A2F}.Release|Any CPU.ActiveCfg = Release|Any CPU
		{B49C500F-5E2A-45D4-A0FE-AD6960F02A2F}.Release|Any CPU.Build.0 = Release|Any CPU
		{5E5F39DC-4A84-48D1-9742-FABC61BC01EA}.Debug|Any CPU.ActiveCfg = Debug|Any CPU
		{5E5F39DC-4A84-48D1-9742-FABC61BC01EA}.Debug|Any CPU.Build.0 = Debug|Any CPU
		{5E5F39DC-4A84-48D1-9742-FABC61BC01EA}.Release|Any CPU.ActiveCfg = Release|Any CPU
		{5E5F39DC-4A84-48D1-9742-FABC61BC01EA}.Release|Any CPU.Build.0 = Release|Any CPU
		{8747CB5F-B62E-4B4D-9064-B05F15E655D6}.Debug|Any CPU.ActiveCfg = Debug|Any CPU
		{8747CB5F-B62E-4B4D-9064-B05F15E655D6}.Debug|Any CPU.Build.0 = Debug|Any CPU
		{8747CB5F-B62E-4B4D-9064-B05F15E655D6}.Release|Any CPU.ActiveCfg = Release|Any CPU
		{8747CB5F-B62E-4B4D-9064-B05F15E655D6}.Release|Any CPU.Build.0 = Release|Any CPU
		{C14B2314-2FEA-4767-8889-F6C2483C1BAE}.Debug|Any CPU.ActiveCfg = Debug|Any CPU
		{C14B2314-2FEA-4767-8889-F6C2483C1BAE}.Debug|Any CPU.Build.0 = Debug|Any CPU
		{C14B2314-2FEA-4767-8889-F6C2483C1BAE}.Release|Any CPU.ActiveCfg = Release|Any CPU
		{C14B2314-2FEA-4767-8889-F6C2483C1BAE}.Release|Any CPU.Build.0 = Release|Any CPU
	EndGlobalSection
	GlobalSection(SolutionProperties) = preSolution
		HideSolutionNode = FALSE
	EndGlobalSection
	GlobalSection(ExtensibilityGlobals) = postSolution
		SolutionGuid = {3F3FAFD5-4C33-41AE-BBEF-D85BA264DAA4}
	EndGlobalSection
EndGlobal
